
Microsoft Visual Studio Solution File, Format Version 12.00
# Visual Studio Version 17
VisualStudioVersion = 17.8.34330.188
MinimumVisualStudioVersion = 10.0.40219.1
Project("{FAE04EC0-301F-11D3-BF4B-00C04F79EFBC}") = "D3D12SDKVersionPatcher", "D3D12SDKVersionPatcher\D3D12SDKVersionPatcher.csproj", "{9B383CC6-1ACF-4B04-8DA2-831001A27E22}"
EndProject
Global
	GlobalSection(SolutionConfigurationPlatforms) = preSolution
		Debug|Any CPU = Debug|Any CPU
		Release|Any CPU = Release|Any CPU
	EndGlobalSection
	GlobalSection(ProjectConfigurationPlatforms) = postSolution
		{9B383CC6-1ACF-4B04-8DA2-831001A27E22}.Debug|Any CPU.ActiveCfg = Debug|Any CPU
		{9B383CC6-1ACF-4B04-8DA2-831001A27E22}.Debug|Any CPU.Build.0 = Debug|Any CPU
		{9B383CC6-1ACF-4B04-8DA2-831001A27E22}.Release|Any CPU.ActiveCfg = Release|Any CPU
		{9B383CC6-1ACF-4B04-8DA2-831001A27E22}.Release|Any CPU.Build.0 = Release|Any CPU
	EndGlobalSection
	GlobalSection(SolutionProperties) = preSolution
		HideSolutionNode = FALSE
	EndGlobalSection
	GlobalSection(ExtensibilityGlobals) = postSolution
		SolutionGuid = {5B66C282-D145-4DEB-BAA3-130580B7BDFF}
	EndGlobalSection
EndGlobal
